
Microsoft Visual Studio Solution File, Format Version 12.00
# Visual Studio 15
VisualStudioVersion = 15.0.27703.2047
MinimumVisualStudioVersion = 10.0.40219.1
Project("{FAE04EC0-301F-11D3-BF4B-00C04F79EFBC}") = "SimpleScriptRunner", "SimpleScriptRunner\SimpleScriptRunner.csproj", "{65FB26EC-47AF-4C00-AC85-D4B5D4B38BA8}"
EndProject
Project("{FAE04EC0-301F-11D3-BF4B-00C04F79EFBC}") = "SimpleScriptProgram", "SimpleScriptProgram\SimpleScriptProgram.csproj", "{0C86A0A6-CE1E-4587-ADCD-15F02D6D641B}"
EndProject
Project("{FAE04EC0-301F-11D3-BF4B-00C04F79EFBC}") = "SimpleScriptRunnerBto", "SimpleScriptRunnerBto\SimpleScriptRunnerBto.csproj", "{3AB1AB60-AB7E-4E1E-AEC6-E914ADEF6E0A}"
EndProject
Project("{FAE04EC0-301F-11D3-BF4B-00C04F79EFBC}") = "SampleDb", "SampleDb\SampleDb.csproj", "{2D52AB4B-E7DA-4D80-98B9-A10272F11F9A}"
EndProject
Global
	GlobalSection(SolutionConfigurationPlatforms) = preSolution
		Debug|Any CPU = Debug|Any CPU
		Release|Any CPU = Release|Any CPU
	EndGlobalSection
	GlobalSection(ProjectConfigurationPlatforms) = postSolution
		{65FB26EC-47AF-4C00-AC85-D4B5D4B38BA8}.Debug|Any CPU.ActiveCfg = Debug|Any CPU
		{65FB26EC-47AF-4C00-AC85-D4B5D4B38BA8}.Debug|Any CPU.Build.0 = Debug|Any CPU
		{65FB26EC-47AF-4C00-AC85-D4B5D4B38BA8}.Release|Any CPU.ActiveCfg = Release|Any CPU
		{65FB26EC-47AF-4C00-AC85-D4B5D4B38BA8}.Release|Any CPU.Build.0 = Release|Any CPU
		{0C86A0A6-CE1E-4587-ADCD-15F02D6D641B}.Debug|Any CPU.ActiveCfg = Debug|Any CPU
		{0C86A0A6-CE1E-4587-ADCD-15F02D6D641B}.Debug|Any CPU.Build.0 = Debug|Any CPU
		{0C86A0A6-CE1E-4587-ADCD-15F02D6D641B}.Release|Any CPU.ActiveCfg = Release|Any CPU
		{0C86A0A6-CE1E-4587-ADCD-15F02D6D641B}.Release|Any CPU.Build.0 = Release|Any CPU
		{3AB1AB60-AB7E-4E1E-AEC6-E914ADEF6E0A}.Debug|Any CPU.ActiveCfg = Debug|Any CPU
		{3AB1AB60-AB7E-4E1E-AEC6-E914ADEF6E0A}.Debug|Any CPU.Build.0 = Debug|Any CPU
		{3AB1AB60-AB7E-4E1E-AEC6-E914ADEF6E0A}.Release|Any CPU.ActiveCfg = Release|Any CPU
		{3AB1AB60-AB7E-4E1E-AEC6-E914ADEF6E0A}.Release|Any CPU.Build.0 = Release|Any CPU
		{2D52AB4B-E7DA-4D80-98B9-A10272F11F9A}.Debug|Any CPU.ActiveCfg = Debug|Any CPU
		{2D52AB4B-E7DA-4D80-98B9-A10272F11F9A}.Debug|Any CPU.Build.0 = Debug|Any CPU
		{2D52AB4B-E7DA-4D80-98B9-A10272F11F9A}.Release|Any CPU.ActiveCfg = Release|Any CPU
		{2D52AB4B-E7DA-4D80-98B9-A10272F11F9A}.Release|Any CPU.Build.0 = Release|Any CPU
	EndGlobalSection
	GlobalSection(SolutionProperties) = preSolution
		HideSolutionNode = FALSE
	EndGlobalSection
	GlobalSection(ExtensibilityGlobals) = postSolution
		SolutionGuid = {271F675B-A4AE-4DAE-8057-05EE4FE567E7}
	EndGlobalSection
EndGlobal
